// !$*UTF8*$!
{
	archiveVersion = 1;
	classes = {
	};
	objectVersion = 48;
	objects = {

/* Begin PBXBuildFile section */
		7531C5BE1F88AD91009223EC /* AppDelegate.swift in Sources */ = {isa = PBXBuildFile; fileRef = 7531C5BD1F88AD91009223EC /* AppDelegate.swift */; };
		7531C5C01F88AD91009223EC /* art.scnassets in Resources */ = {isa = PBXBuildFile; fileRef = 7531C5BF1F88AD91009223EC /* art.scnassets */; };
		7531C5C21F88AD91009223EC /* ViewController.swift in Sources */ = {isa = PBXBuildFile; fileRef = 7531C5C11F88AD91009223EC /* ViewController.swift */; };
		7531C5C51F88AD91009223EC /* Main.storyboard in Resources */ = {isa = PBXBuildFile; fileRef = 7531C5C31F88AD91009223EC /* Main.storyboard */; };
		7531C5C71F88AD91009223EC /* Assets.xcassets in Resources */ = {isa = PBXBuildFile; fileRef = 7531C5C61F88AD91009223EC /* Assets.xcassets */; };
		7531C5CA1F88AD91009223EC /* LaunchScreen.storyboard in Resources */ = {isa = PBXBuildFile; fileRef = 7531C5C81F88AD91009223EC /* LaunchScreen.storyboard */; };
		754271111F88FE9D00936E9A /* Target.swift in Sources */ = {isa = PBXBuildFile; fileRef = 754271101F88FE9D00936E9A /* Target.swift */; };
		BAB8A79E1F88B08D00464DE9 /* UserDefaults.swift in Sources */ = {isa = PBXBuildFile; fileRef = BAB8A79D1F88B08D00464DE9 /* UserDefaults.swift */; };
		BAB8A7A51F88E95900464DE9 /* bear.obj in Resources */ = {isa = PBXBuildFile; fileRef = BAB8A7A31F88E90D00464DE9 /* bear.obj */; };
		BAB8A7A61F88E95C00464DE9 /* bear.mtl in Resources */ = {isa = PBXBuildFile; fileRef = BAB8A7A41F88E91400464DE9 /* bear.mtl */; };
/* End PBXBuildFile section */

/* Begin PBXFileReference section */
		7531C5BA1F88AD91009223EC /* radAR.app */ = {isa = PBXFileReference; explicitFileType = wrapper.application; includeInIndex = 0; path = radAR.app; sourceTree = BUILT_PRODUCTS_DIR; };
		7531C5BD1F88AD91009223EC /* AppDelegate.swift */ = {isa = PBXFileReference; lastKnownFileType = sourcecode.swift; path = AppDelegate.swift; sourceTree = "<group>"; };
		7531C5BF1F88AD91009223EC /* art.scnassets */ = {isa = PBXFileReference; lastKnownFileType = wrapper.scnassets; path = art.scnassets; sourceTree = "<group>"; };
		7531C5C11F88AD91009223EC /* ViewController.swift */ = {isa = PBXFileReference; lastKnownFileType = sourcecode.swift; path = ViewController.swift; sourceTree = "<group>"; };
		7531C5C41F88AD91009223EC /* Base */ = {isa = PBXFileReference; lastKnownFileType = file.storyboard; name = Base; path = Base.lproj/Main.storyboard; sourceTree = "<group>"; };
		7531C5C61F88AD91009223EC /* Assets.xcassets */ = {isa = PBXFileReference; lastKnownFileType = folder.assetcatalog; path = Assets.xcassets; sourceTree = "<group>"; };
		7531C5C91F88AD91009223EC /* Base */ = {isa = PBXFileReference; lastKnownFileType = file.storyboard; name = Base; path = Base.lproj/LaunchScreen.storyboard; sourceTree = "<group>"; };
		7531C5CB1F88AD91009223EC /* Info.plist */ = {isa = PBXFileReference; lastKnownFileType = text.plist.xml; path = Info.plist; sourceTree = "<group>"; };
		754271101F88FE9D00936E9A /* Target.swift */ = {isa = PBXFileReference; lastKnownFileType = sourcecode.swift; path = Target.swift; sourceTree = "<group>"; };
		BAB8A79D1F88B08D00464DE9 /* UserDefaults.swift */ = {isa = PBXFileReference; lastKnownFileType = sourcecode.swift; path = UserDefaults.swift; sourceTree = "<group>"; };
		BAB8A7A31F88E90D00464DE9 /* bear.obj */ = {isa = PBXFileReference; lastKnownFileType = text; path = bear.obj; sourceTree = "<group>"; };
		BAB8A7A41F88E91400464DE9 /* bear.mtl */ = {isa = PBXFileReference; lastKnownFileType = text; path = bear.mtl; sourceTree = "<group>"; };
/* End PBXFileReference section */

/* Begin PBXFrameworksBuildPhase section */
		7531C5B71F88AD91009223EC /* Frameworks */ = {
			isa = PBXFrameworksBuildPhase;
			buildActionMask = 2147483647;
			files = (
			);
			runOnlyForDeploymentPostprocessing = 0;
		};
/* End PBXFrameworksBuildPhase section */

/* Begin PBXGroup section */
		7531C5B11F88AD91009223EC = {
			isa = PBXGroup;
			children = (
				7531C5BC1F88AD91009223EC /* radAR */,
				7531C5BB1F88AD91009223EC /* Products */,
			);
			sourceTree = "<group>";
		};
		7531C5BB1F88AD91009223EC /* Products */ = {
			isa = PBXGroup;
			children = (
				7531C5BA1F88AD91009223EC /* radAR.app */,
			);
			name = Products;
			sourceTree = "<group>";
		};
		7531C5BC1F88AD91009223EC /* radAR */ = {
			isa = PBXGroup;
			children = (
				7531C5BD1F88AD91009223EC /* AppDelegate.swift */,
				7531C5BF1F88AD91009223EC /* art.scnassets */,
				7531C5C11F88AD91009223EC /* ViewController.swift */,
				754271101F88FE9D00936E9A /* Target.swift */,
				7531C5C31F88AD91009223EC /* Main.storyboard */,
				7531C5C61F88AD91009223EC /* Assets.xcassets */,
				7531C5C81F88AD91009223EC /* LaunchScreen.storyboard */,
				7531C5CB1F88AD91009223EC /* Info.plist */,
				BAB8A79D1F88B08D00464DE9 /* UserDefaults.swift */,
				BAB8A7A31F88E90D00464DE9 /* bear.obj */,
				BAB8A7A41F88E91400464DE9 /* bear.mtl */,
			);
			path = radAR;
			sourceTree = "<group>";
		};
/* End PBXGroup section */

/* Begin PBXNativeTarget section */
		7531C5B91F88AD91009223EC /* radAR */ = {
			isa = PBXNativeTarget;
			buildConfigurationList = 7531C5CE1F88AD91009223EC /* Build configuration list for PBXNativeTarget "radAR" */;
			buildPhases = (
				7531C5B61F88AD91009223EC /* Sources */,
				7531C5B71F88AD91009223EC /* Frameworks */,
				7531C5B81F88AD91009223EC /* Resources */,
			);
			buildRules = (
			);
			dependencies = (
			);
			name = radAR;
			productName = radAR;
			productReference = 7531C5BA1F88AD91009223EC /* radAR.app */;
			productType = "com.apple.product-type.application";
		};
/* End PBXNativeTarget section */

/* Begin PBXProject section */
		7531C5B21F88AD91009223EC /* Project object */ = {
			isa = PBXProject;
			attributes = {
				LastSwiftUpdateCheck = 0900;
				LastUpgradeCheck = 0900;
				ORGANIZATIONNAME = "Olivia Brown";
				TargetAttributes = {
					7531C5B91F88AD91009223EC = {
						CreatedOnToolsVersion = 9.0;
						ProvisioningStyle = Automatic;
					};
				};
			};
			buildConfigurationList = 7531C5B51F88AD91009223EC /* Build configuration list for PBXProject "radAR" */;
			compatibilityVersion = "Xcode 8.0";
			developmentRegion = en;
			hasScannedForEncodings = 0;
			knownRegions = (
				en,
				Base,
			);
			mainGroup = 7531C5B11F88AD91009223EC;
			productRefGroup = 7531C5BB1F88AD91009223EC /* Products */;
			projectDirPath = "";
			projectRoot = "";
			targets = (
				7531C5B91F88AD91009223EC /* radAR */,
			);
		};
/* End PBXProject section */

/* Begin PBXResourcesBuildPhase section */
		7531C5B81F88AD91009223EC /* Resources */ = {
			isa = PBXResourcesBuildPhase;
			buildActionMask = 2147483647;
			files = (
				7531C5C01F88AD91009223EC /* art.scnassets in Resources */,
				BAB8A7A51F88E95900464DE9 /* bear.obj in Resources */,
				7531C5CA1F88AD91009223EC /* LaunchScreen.storyboard in Resources */,
				BAB8A7A61F88E95C00464DE9 /* bear.mtl in Resources */,
				7531C5C71F88AD91009223EC /* Assets.xcassets in Resources */,
				7531C5C51F88AD91009223EC /* Main.storyboard in Resources */,
			);
			runOnlyForDeploymentPostprocessing = 0;
		};
/* End PBXResourcesBuildPhase section */

/* Begin PBXSourcesBuildPhase section */
		7531C5B61F88AD91009223EC /* Sources */ = {
			isa = PBXSourcesBuildPhase;
			buildActionMask = 2147483647;
			files = (
				7531C5C21F88AD91009223EC /* ViewController.swift in Sources */,
				7531C5BE1F88AD91009223EC /* AppDelegate.swift in Sources */,
				754271111F88FE9D00936E9A /* Target.swift in Sources */,
				BAB8A79E1F88B08D00464DE9 /* UserDefaults.swift in Sources */,
			);
			runOnlyForDeploymentPostprocessing = 0;
		};
/* End PBXSourcesBuildPhase section */

/* Begin PBXVariantGroup section */
		7531C5C31F88AD91009223EC /* Main.storyboard */ = {
			isa = PBXVariantGroup;
			children = (
				7531C5C41F88AD91009223EC /* Base */,
			);
			name = Main.storyboard;
			sourceTree = "<group>";
		};
		7531C5C81F88AD91009223EC /* LaunchScreen.storyboard */ = {
			isa = PBXVariantGroup;
			children = (
				7531C5C91F88AD91009223EC /* Base */,
			);
			name = LaunchScreen.storyboard;
			sourceTree = "<group>";
		};
/* End PBXVariantGroup section */

/* Begin XCBuildConfiguration section */
		7531C5CC1F88AD91009223EC /* Debug */ = {
			isa = XCBuildConfiguration;
			buildSettings = {
				ALWAYS_SEARCH_USER_PATHS = NO;
				CLANG_ANALYZER_NONNULL = YES;
				CLANG_ANALYZER_NUMBER_OBJECT_CONVERSION = YES_AGGRESSIVE;
				CLANG_CXX_LANGUAGE_STANDARD = "gnu++14";
				CLANG_CXX_LIBRARY = "libc++";
				CLANG_ENABLE_MODULES = YES;
				CLANG_ENABLE_OBJC_ARC = YES;
				CLANG_WARN_BLOCK_CAPTURE_AUTORELEASING = YES;
				CLANG_WARN_BOOL_CONVERSION = YES;
				CLANG_WARN_COMMA = YES;
				CLANG_WARN_CONSTANT_CONVERSION = YES;
				CLANG_WARN_DIRECT_OBJC_ISA_USAGE = YES_ERROR;
				CLANG_WARN_DOCUMENTATION_COMMENTS = YES;
				CLANG_WARN_EMPTY_BODY = YES;
				CLANG_WARN_ENUM_CONVERSION = YES;
				CLANG_WARN_INFINITE_RECURSION = YES;
				CLANG_WARN_INT_CONVERSION = YES;
				CLANG_WARN_NON_LITERAL_NULL_CONVERSION = YES;
				CLANG_WARN_OBJC_LITERAL_CONVERSION = YES;
				CLANG_WARN_OBJC_ROOT_CLASS = YES_ERROR;
				CLANG_WARN_RANGE_LOOP_ANALYSIS = YES;
				CLANG_WARN_STRICT_PROTOTYPES = YES;
				CLANG_WARN_SUSPICIOUS_MOVE = YES;
				CLANG_WARN_UNGUARDED_AVAILABILITY = YES_AGGRESSIVE;
				CLANG_WARN_UNREACHABLE_CODE = YES;
				CLANG_WARN__DUPLICATE_METHOD_MATCH = YES;
				CODE_SIGN_IDENTITY = "iPhone Developer";
				COPY_PHASE_STRIP = NO;
				DEBUG_INFORMATION_FORMAT = dwarf;
				ENABLE_STRICT_OBJC_MSGSEND = YES;
				ENABLE_TESTABILITY = YES;
				GCC_C_LANGUAGE_STANDARD = gnu11;
				GCC_DYNAMIC_NO_PIC = NO;
				GCC_NO_COMMON_BLOCKS = YES;
				GCC_OPTIMIZATION_LEVEL = 0;
				GCC_PREPROCESSOR_DEFINITIONS = (
					"DEBUG=1",
					"$(inherited)",
				);
				GCC_WARN_64_TO_32_BIT_CONVERSION = YES;
				GCC_WARN_ABOUT_RETURN_TYPE = YES_ERROR;
				GCC_WARN_UNDECLARED_SELECTOR = YES;
				GCC_WARN_UNINITIALIZED_AUTOS = YES_AGGRESSIVE;
				GCC_WARN_UNUSED_FUNCTION = YES;
				GCC_WARN_UNUSED_VARIABLE = YES;
				IPHONEOS_DEPLOYMENT_TARGET = 11.0;
				MTL_ENABLE_DEBUG_INFO = YES;
				ONLY_ACTIVE_ARCH = YES;
				SDKROOT = iphoneos;
				SWIFT_ACTIVE_COMPILATION_CONDITIONS = DEBUG;
				SWIFT_OPTIMIZATION_LEVEL = "-Onone";
			};
			name = Debug;
		};
		7531C5CD1F88AD91009223EC /* Release */ = {
			isa = XCBuildConfiguration;
			buildSettings = {
				ALWAYS_SEARCH_USER_PATHS = NO;
				CLANG_ANALYZER_NONNULL = YES;
				CLANG_ANALYZER_NUMBER_OBJECT_CONVERSION = YES_AGGRESSIVE;
				CLANG_CXX_LANGUAGE_STANDARD = "gnu++14";
				CLANG_CXX_LIBRARY = "libc++";
				CLANG_ENABLE_MODULES = YES;
				CLANG_ENABLE_OBJC_ARC = YES;
				CLANG_WARN_BLOCK_CAPTURE_AUTORELEASING = YES;
				CLANG_WARN_BOOL_CONVERSION = YES;
				CLANG_WARN_COMMA = YES;
				CLANG_WARN_CONSTANT_CONVERSION = YES;
				CLANG_WARN_DIRECT_OBJC_ISA_USAGE = YES_ERROR;
				CLANG_WARN_DOCUMENTATION_COMMENTS = YES;
				CLANG_WARN_EMPTY_BODY = YES;
				CLANG_WARN_ENUM_CONVERSION = YES;
				CLANG_WARN_INFINITE_RECURSION = YES;
				CLANG_WARN_INT_CONVERSION = YES;
				CLANG_WARN_NON_LITERAL_NULL_CONVERSION = YES;
				CLANG_WARN_OBJC_LITERAL_CONVERSION = YES;
				CLANG_WARN_OBJC_ROOT_CLASS = YES_ERROR;
				CLANG_WARN_RANGE_LOOP_ANALYSIS = YES;
				CLANG_WARN_STRICT_PROTOTYPES = YES;
				CLANG_WARN_SUSPICIOUS_MOVE = YES;
				CLANG_WARN_UNGUARDED_AVAILABILITY = YES_AGGRESSIVE;
				CLANG_WARN_UNREACHABLE_CODE = YES;
				CLANG_WARN__DUPLICATE_METHOD_MATCH = YES;
				CODE_SIGN_IDENTITY = "iPhone Developer";
				COPY_PHASE_STRIP = NO;
				DEBUG_INFORMATION_FORMAT = "dwarf-with-dsym";
				ENABLE_NS_ASSERTIONS = NO;
				ENABLE_STRICT_OBJC_MSGSEND = YES;
				GCC_C_LANGUAGE_STANDARD = gnu11;
				GCC_NO_COMMON_BLOCKS = YES;
				GCC_WARN_64_TO_32_BIT_CONVERSION = YES;
				GCC_WARN_ABOUT_RETURN_TYPE = YES_ERROR;
				GCC_WARN_UNDECLARED_SELECTOR = YES;
				GCC_WARN_UNINITIALIZED_AUTOS = YES_AGGRESSIVE;
				GCC_WARN_UNUSED_FUNCTION = YES;
				GCC_WARN_UNUSED_VARIABLE = YES;
				IPHONEOS_DEPLOYMENT_TARGET = 11.0;
				MTL_ENABLE_DEBUG_INFO = NO;
				SDKROOT = iphoneos;
				SWIFT_OPTIMIZATION_LEVEL = "-Owholemodule";
				VALIDATE_PRODUCT = YES;
			};
			name = Release;
		};
		7531C5CF1F88AD91009223EC /* Debug */ = {
			isa = XCBuildConfiguration;
			buildSettings = {
				ASSETCATALOG_COMPILER_APPICON_NAME = AppIcon;
				CODE_SIGN_STYLE = Automatic;
				DEVELOPMENT_TEAM = U7U96T5227;
				INFOPLIST_FILE = radAR/Info.plist;
				LD_RUNPATH_SEARCH_PATHS = "$(inherited) @executable_path/Frameworks";
				PRODUCT_BUNDLE_IDENTIFIER = stanford.isBetter.radAR;
				PRODUCT_NAME = "$(TARGET_NAME)";
				SWIFT_VERSION = 4.0;
				TARGETED_DEVICE_FAMILY = "1,2";
			};
			name = Debug;
		};
		7531C5D01F88AD91009223EC /* Release */ = {
			isa = XCBuildConfiguration;
			buildSettings = {
				ASSETCATALOG_COMPILER_APPICON_NAME = AppIcon;
				CODE_SIGN_STYLE = Automatic;
				DEVELOPMENT_TEAM = U7U96T5227;
				INFOPLIST_FILE = radAR/Info.plist;
				LD_RUNPATH_SEARCH_PATHS = "$(inherited) @executable_path/Frameworks";
				PRODUCT_BUNDLE_IDENTIFIER = stanford.isBetter.radAR;
				PRODUCT_NAME = "$(TARGET_NAME)";
				SWIFT_VERSION = 4.0;
				TARGETED_DEVICE_FAMILY = "1,2";
			};
			name = Release;
		};
/* End XCBuildConfiguration section */

/* Begin XCConfigurationList section */
		7531C5B51F88AD91009223EC /* Build configuration list for PBXProject "radAR" */ = {
			isa = XCConfigurationList;
			buildConfigurations = (
				7531C5CC1F88AD91009223EC /* Debug */,
				7531C5CD1F88AD91009223EC /* Release */,
			);
			defaultConfigurationIsVisible = 0;
			defaultConfigurationName = Release;
		};
		7531C5CE1F88AD91009223EC /* Build configuration list for PBXNativeTarget "radAR" */ = {
			isa = XCConfigurationList;
			buildConfigurations = (
				7531C5CF1F88AD91009223EC /* Debug */,
				7531C5D01F88AD91009223EC /* Release */,
			);
			defaultConfigurationIsVisible = 0;
			defaultConfigurationName = Release;
		};
/* End XCConfigurationList section */
	};
	rootObject = 7531C5B21F88AD91009223EC /* Project object */;
}
